
Microsoft Visual Studio Solution File, Format Version 12.00
# Visual Studio Version 17
VisualStudioVersion = 17.7.34221.43
MinimumVisualStudioVersion = 10.0.40219.1
Project("{FAE04EC0-301F-11D3-BF4B-00C04F79EFBC}") = "Lopputehtävä", "Lopputehtävä\Lopputehtävä.csproj", "{8C50C72A-2171-49A7-A0F0-3110D96F9644}"
EndProject
Global
	GlobalSection(SolutionConfigurationPlatforms) = preSolution
		Debug|Any CPU = Debug|Any CPU
		Release|Any CPU = Release|Any CPU
	EndGlobalSection
	GlobalSection(ProjectConfigurationPlatforms) = postSolution
		{8C50C72A-2171-49A7-A0F0-3110D96F9644}.Debug|Any CPU.ActiveCfg = Debug|Any CPU
		{8C50C72A-2171-49A7-A0F0-3110D96F9644}.Debug|Any CPU.Build.0 = Debug|Any CPU
		{8C50C72A-2171-49A7-A0F0-3110D96F9644}.Release|Any CPU.ActiveCfg = Release|Any CPU
		{8C50C72A-2171-49A7-A0F0-3110D96F9644}.Release|Any CPU.Build.0 = Release|Any CPU
	EndGlobalSection
	GlobalSection(SolutionProperties) = preSolution
		HideSolutionNode = FALSE
	EndGlobalSection
	GlobalSection(ExtensibilityGlobals) = postSolution
		SolutionGuid = {0A2E670F-6A3C-47F4-810E-8AA4D510DB6A}
	EndGlobalSection
EndGlobal
